
Microsoft Visual Studio Solution File, Format Version 12.00
# Visual Studio Version 17
VisualStudioVersion = 17.8.34511.84
MinimumVisualStudioVersion = 10.0.40219.1
Project("{9A19103F-16F7-4668-BE54-9A1E7A4F7556}") = "WebIdentityApp", "WebIdentityApp.csproj", "{89E50B1A-5829-4B87-8495-8CE22664A6C1}"
EndProject
Global
	GlobalSection(SolutionConfigurationPlatforms) = preSolution
		Debug|Any CPU = Debug|Any CPU
		Release|Any CPU = Release|Any CPU
	EndGlobalSection
	GlobalSection(ProjectConfigurationPlatforms) = postSolution
		{89E50B1A-5829-4B87-8495-8CE22664A6C1}.Debug|Any CPU.ActiveCfg = Debug|Any CPU
		{89E50B1A-5829-4B87-8495-8CE22664A6C1}.Debug|Any CPU.Build.0 = Debug|Any CPU
		{89E50B1A-5829-4B87-8495-8CE22664A6C1}.Release|Any CPU.ActiveCfg = Release|Any CPU
		{89E50B1A-5829-4B87-8495-8CE22664A6C1}.Release|Any CPU.Build.0 = Release|Any CPU
	EndGlobalSection
	GlobalSection(SolutionProperties) = preSolution
		HideSolutionNode = FALSE
	EndGlobalSection
	GlobalSection(ExtensibilityGlobals) = postSolution
		SolutionGuid = {8181BE08-1BF1-429E-9792-EC6982A856E9}
	EndGlobalSection
EndGlobal
